
Microsoft Visual Studio Solution File, Format Version 12.00
# Visual Studio Version 16
VisualStudioVersion = 16.0.31624.102
MinimumVisualStudioVersion = 10.0.40219.1
Project("{FAE04EC0-301F-11D3-BF4B-00C04F79EFBC}") = "whileConsoleApp_1", "whileConsoleApp_1\whileConsoleApp_1.csproj", "{002C0DE5-96C7-4D9F-8106-01CA9B85AA7E}"
EndProject
Global
	GlobalSection(SolutionConfigurationPlatforms) = preSolution
		Debug|Any CPU = Debug|Any CPU
		Release|Any CPU = Release|Any CPU
	EndGlobalSection
	GlobalSection(ProjectConfigurationPlatforms) = postSolution
		{002C0DE5-96C7-4D9F-8106-01CA9B85AA7E}.Debug|Any CPU.ActiveCfg = Debug|Any CPU
		{002C0DE5-96C7-4D9F-8106-01CA9B85AA7E}.Debug|Any CPU.Build.0 = Debug|Any CPU
		{002C0DE5-96C7-4D9F-8106-01CA9B85AA7E}.Release|Any CPU.ActiveCfg = Release|Any CPU
		{002C0DE5-96C7-4D9F-8106-01CA9B85AA7E}.Release|Any CPU.Build.0 = Release|Any CPU
	EndGlobalSection
	GlobalSection(SolutionProperties) = preSolution
		HideSolutionNode = FALSE
	EndGlobalSection
	GlobalSection(ExtensibilityGlobals) = postSolution
		SolutionGuid = {774477E4-2634-4A8E-95A8-C08A0F3714DE}
	EndGlobalSection
EndGlobal
